
Microsoft Visual Studio Solution File, Format Version 12.00
# Visual Studio Version 17
VisualStudioVersion = 17.10.35027.167
MinimumVisualStudioVersion = 10.0.40219.1
Project("{9A19103F-16F7-4668-BE54-9A1E7A4F7556}") = "Autovelox.Data", "Autovelox.Data\Autovelox.Data.csproj", "{0C2C2271-4CF7-43FC-9DCE-DA29FE9BA4B7}"
EndProject
Project("{9A19103F-16F7-4668-BE54-9A1E7A4F7556}") = "Autovelox.WebAPI", "Autovelox.WebAPI\Autovelox.WebAPI.csproj", "{3B29894A-2185-41FF-83FD-44805B710944}"
EndProject
Project("{FAE04EC0-301F-11D3-BF4B-00C04F79EFBC}") = "Autovelox.Application", "Autovelox.Application\Autovelox.Application.csproj", "{8A447081-82CC-4571-9C0F-0106E2ED0EFE}"
EndProject
Global
	GlobalSection(SolutionConfigurationPlatforms) = preSolution
		Debug|Any CPU = Debug|Any CPU
		Release|Any CPU = Release|Any CPU
	EndGlobalSection
	GlobalSection(ProjectConfigurationPlatforms) = postSolution
		{0C2C2271-4CF7-43FC-9DCE-DA29FE9BA4B7}.Debug|Any CPU.ActiveCfg = Debug|Any CPU
		{0C2C2271-4CF7-43FC-9DCE-DA29FE9BA4B7}.Debug|Any CPU.Build.0 = Debug|Any CPU
		{0C2C2271-4CF7-43FC-9DCE-DA29FE9BA4B7}.Release|Any CPU.ActiveCfg = Release|Any CPU
		{0C2C2271-4CF7-43FC-9DCE-DA29FE9BA4B7}.Release|Any CPU.Build.0 = Release|Any CPU
		{3B29894A-2185-41FF-83FD-44805B710944}.Debug|Any CPU.ActiveCfg = Debug|Any CPU
		{3B29894A-2185-41FF-83FD-44805B710944}.Debug|Any CPU.Build.0 = Debug|Any CPU
		{3B29894A-2185-41FF-83FD-44805B710944}.Release|Any CPU.ActiveCfg = Release|Any CPU
		{3B29894A-2185-41FF-83FD-44805B710944}.Release|Any CPU.Build.0 = Release|Any CPU
		{8A447081-82CC-4571-9C0F-0106E2ED0EFE}.Debug|Any CPU.ActiveCfg = Debug|Any CPU
		{8A447081-82CC-4571-9C0F-0106E2ED0EFE}.Debug|Any CPU.Build.0 = Debug|Any CPU
		{8A447081-82CC-4571-9C0F-0106E2ED0EFE}.Release|Any CPU.ActiveCfg = Release|Any CPU
		{8A447081-82CC-4571-9C0F-0106E2ED0EFE}.Release|Any CPU.Build.0 = Release|Any CPU
	EndGlobalSection
	GlobalSection(SolutionProperties) = preSolution
		HideSolutionNode = FALSE
	EndGlobalSection
	GlobalSection(ExtensibilityGlobals) = postSolution
		SolutionGuid = {E661E725-25CC-4A8F-AD61-EEE83C3D4053}
	EndGlobalSection
EndGlobal
